// !$*UTF8*$!
{
	archiveVersion = 1;
	classes = {
	};
	objectVersion = 56;
	objects = {

/* Begin PBXBuildFile section */
		398968032C9C060200800EA5 /* AppDelegate.swift in Sources */ = {isa = PBXBuildFile; fileRef = 398968022C9C060200800EA5 /* AppDelegate.swift */; };
		398968052C9C060200800EA5 /* SceneDelegate.swift in Sources */ = {isa = PBXBuildFile; fileRef = 398968042C9C060200800EA5 /* SceneDelegate.swift */; };
		398968072C9C060200800EA5 /* ViewController.swift in Sources */ = {isa = PBXBuildFile; fileRef = 398968062C9C060200800EA5 /* ViewController.swift */; };
		3989680A2C9C060200800EA5 /* Main.storyboard in Resources */ = {isa = PBXBuildFile; fileRef = 398968082C9C060200800EA5 /* Main.storyboard */; };
		3989680C2C9C060300800EA5 /* Assets.xcassets in Resources */ = {isa = PBXBuildFile; fileRef = 3989680B2C9C060300800EA5 /* Assets.xcassets */; };
		3989680F2C9C060300800EA5 /* LaunchScreen.storyboard in Resources */ = {isa = PBXBuildFile; fileRef = 3989680D2C9C060300800EA5 /* LaunchScreen.storyboard */; };
		3989681D2C9C162200800EA5 /* Joke.swift in Sources */ = {isa = PBXBuildFile; fileRef = 3989681C2C9C162200800EA5 /* Joke.swift */; };
		3989681F2C9C164D00800EA5 /* JokeResponse.swift in Sources */ = {isa = PBXBuildFile; fileRef = 3989681E2C9C164D00800EA5 /* JokeResponse.swift */; };
		398968222C9C16B200800EA5 /* DataBaseService.swift in Sources */ = {isa = PBXBuildFile; fileRef = 398968212C9C16B200800EA5 /* DataBaseService.swift */; };
		398968242C9C16F100800EA5 /* NetworkService.swift in Sources */ = {isa = PBXBuildFile; fileRef = 398968232C9C16F100800EA5 /* NetworkService.swift */; };
		398968272C9C176F00800EA5 /* CategoryTableViewCell.swift in Sources */ = {isa = PBXBuildFile; fileRef = 398968262C9C176F00800EA5 /* CategoryTableViewCell.swift */; };
		398968292C9C17BF00800EA5 /* JokeTableViewCell.swift in Sources */ = {isa = PBXBuildFile; fileRef = 398968282C9C17BF00800EA5 /* JokeTableViewCell.swift */; };
		3989682B2C9C183D00800EA5 /* JokeCategoriesVC.swift in Sources */ = {isa = PBXBuildFile; fileRef = 3989682A2C9C183D00800EA5 /* JokeCategoriesVC.swift */; };
		3989682D2C9C187300800EA5 /* JokeListVC.swift in Sources */ = {isa = PBXBuildFile; fileRef = 3989682C2C9C187300800EA5 /* JokeListVC.swift */; };
		3989682F2C9C18BE00800EA5 /* LoadJokeVC.swift in Sources */ = {isa = PBXBuildFile; fileRef = 3989682E2C9C18BE00800EA5 /* LoadJokeVC.swift */; };
		398968312C9C196400800EA5 /* LaunchScreenVC.swift in Sources */ = {isa = PBXBuildFile; fileRef = 398968302C9C196400800EA5 /* LaunchScreenVC.swift */; };
		398968342C9C1D9D00800EA5 /* RealmSwift in Frameworks */ = {isa = PBXBuildFile; productRef = 398968332C9C1D9D00800EA5 /* RealmSwift */; };
		398968352C9C1D9D00800EA5 /* RealmSwift in Embed Frameworks */ = {isa = PBXBuildFile; productRef = 398968332C9C1D9D00800EA5 /* RealmSwift */; settings = {ATTRIBUTES = (CodeSignOnCopy, ); }; };
		398968382C9C1E0300800EA5 /* Realm in Frameworks */ = {isa = PBXBuildFile; productRef = 398968372C9C1E0300800EA5 /* Realm */; };
		398968392C9C1E0300800EA5 /* Realm in Embed Frameworks */ = {isa = PBXBuildFile; productRef = 398968372C9C1E0300800EA5 /* Realm */; settings = {ATTRIBUTES = (CodeSignOnCopy, ); }; };
/* End PBXBuildFile section */

/* Begin PBXCopyFilesBuildPhase section */
		398968362C9C1D9D00800EA5 /* Embed Frameworks */ = {
			isa = PBXCopyFilesBuildPhase;
			buildActionMask = 2147483647;
			dstPath = "";
			dstSubfolderSpec = 10;
			files = (
				398968392C9C1E0300800EA5 /* Realm in Embed Frameworks */,
				398968352C9C1D9D00800EA5 /* RealmSwift in Embed Frameworks */,
			);
			name = "Embed Frameworks";
			runOnlyForDeploymentPostprocessing = 0;
		};
/* End PBXCopyFilesBuildPhase section */

/* Begin PBXFileReference section */
		398967FF2C9C060200800EA5 /* REALMHomework22.app */ = {isa = PBXFileReference; explicitFileType = wrapper.application; includeInIndex = 0; path = REALMHomework22.app; sourceTree = BUILT_PRODUCTS_DIR; };
		398968022C9C060200800EA5 /* AppDelegate.swift */ = {isa = PBXFileReference; lastKnownFileType = sourcecode.swift; path = AppDelegate.swift; sourceTree = "<group>"; };
		398968042C9C060200800EA5 /* SceneDelegate.swift */ = {isa = PBXFileReference; lastKnownFileType = sourcecode.swift; path = SceneDelegate.swift; sourceTree = "<group>"; };
		398968062C9C060200800EA5 /* ViewController.swift */ = {isa = PBXFileReference; lastKnownFileType = sourcecode.swift; path = ViewController.swift; sourceTree = "<group>"; };
		398968092C9C060200800EA5 /* Base */ = {isa = PBXFileReference; lastKnownFileType = file.storyboard; name = Base; path = Base.lproj/Main.storyboard; sourceTree = "<group>"; };
		3989680B2C9C060300800EA5 /* Assets.xcassets */ = {isa = PBXFileReference; lastKnownFileType = folder.assetcatalog; path = Assets.xcassets; sourceTree = "<group>"; };
		3989680E2C9C060300800EA5 /* Base */ = {isa = PBXFileReference; lastKnownFileType = file.storyboard; name = Base; path = Base.lproj/LaunchScreen.storyboard; sourceTree = "<group>"; };
		398968102C9C060300800EA5 /* Info.plist */ = {isa = PBXFileReference; lastKnownFileType = text.plist.xml; path = Info.plist; sourceTree = "<group>"; };
		3989681C2C9C162200800EA5 /* Joke.swift */ = {isa = PBXFileReference; lastKnownFileType = sourcecode.swift; path = Joke.swift; sourceTree = "<group>"; };
		3989681E2C9C164D00800EA5 /* JokeResponse.swift */ = {isa = PBXFileReference; lastKnownFileType = sourcecode.swift; path = JokeResponse.swift; sourceTree = "<group>"; };
		398968212C9C16B200800EA5 /* DataBaseService.swift */ = {isa = PBXFileReference; lastKnownFileType = sourcecode.swift; path = DataBaseService.swift; sourceTree = "<group>"; };
		398968232C9C16F100800EA5 /* NetworkService.swift */ = {isa = PBXFileReference; lastKnownFileType = sourcecode.swift; path = NetworkService.swift; sourceTree = "<group>"; };
		398968262C9C176F00800EA5 /* CategoryTableViewCell.swift */ = {isa = PBXFileReference; lastKnownFileType = sourcecode.swift; path = CategoryTableViewCell.swift; sourceTree = "<group>"; };
		398968282C9C17BF00800EA5 /* JokeTableViewCell.swift */ = {isa = PBXFileReference; lastKnownFileType = sourcecode.swift; path = JokeTableViewCell.swift; sourceTree = "<group>"; };
		3989682A2C9C183D00800EA5 /* JokeCategoriesVC.swift */ = {isa = PBXFileReference; lastKnownFileType = sourcecode.swift; path = JokeCategoriesVC.swift; sourceTree = "<group>"; };
		3989682C2C9C187300800EA5 /* JokeListVC.swift */ = {isa = PBXFileReference; lastKnownFileType = sourcecode.swift; path = JokeListVC.swift; sourceTree = "<group>"; };
		3989682E2C9C18BE00800EA5 /* LoadJokeVC.swift */ = {isa = PBXFileReference; lastKnownFileType = sourcecode.swift; path = LoadJokeVC.swift; sourceTree = "<group>"; };
		398968302C9C196400800EA5 /* LaunchScreenVC.swift */ = {isa = PBXFileReference; lastKnownFileType = sourcecode.swift; path = LaunchScreenVC.swift; sourceTree = "<group>"; };
/* End PBXFileReference section */

/* Begin PBXFrameworksBuildPhase section */
		398967FC2C9C060200800EA5 /* Frameworks */ = {
			isa = PBXFrameworksBuildPhase;
			buildActionMask = 2147483647;
			files = (
				398968382C9C1E0300800EA5 /* Realm in Frameworks */,
				398968342C9C1D9D00800EA5 /* RealmSwift in Frameworks */,
			);
			runOnlyForDeploymentPostprocessing = 0;
		};
/* End PBXFrameworksBuildPhase section */

/* Begin PBXGroup section */
		398967F62C9C060200800EA5 = {
			isa = PBXGroup;
			children = (
				398968012C9C060200800EA5 /* REALMHomework22 */,
				398968002C9C060200800EA5 /* Products */,
				398968322C9C1D9D00800EA5 /* Frameworks */,
			);
			sourceTree = "<group>";
		};
		398968002C9C060200800EA5 /* Products */ = {
			isa = PBXGroup;
			children = (
				398967FF2C9C060200800EA5 /* REALMHomework22.app */,
			);
			name = Products;
			sourceTree = "<group>";
		};
		398968012C9C060200800EA5 /* REALMHomework22 */ = {
			isa = PBXGroup;
			children = (
				398968252C9C173E00800EA5 /* ViewControllers */,
				398968202C9C167D00800EA5 /* Service */,
				3989681B2C9C15FE00800EA5 /* Model */,
				398968022C9C060200800EA5 /* AppDelegate.swift */,
				398968042C9C060200800EA5 /* SceneDelegate.swift */,
				398968062C9C060200800EA5 /* ViewController.swift */,
				398968082C9C060200800EA5 /* Main.storyboard */,
				3989680B2C9C060300800EA5 /* Assets.xcassets */,
				3989680D2C9C060300800EA5 /* LaunchScreen.storyboard */,
				398968102C9C060300800EA5 /* Info.plist */,
				398968302C9C196400800EA5 /* LaunchScreenVC.swift */,
			);
			path = REALMHomework22;
			sourceTree = "<group>";
		};
		3989681B2C9C15FE00800EA5 /* Model */ = {
			isa = PBXGroup;
			children = (
				3989681C2C9C162200800EA5 /* Joke.swift */,
				3989681E2C9C164D00800EA5 /* JokeResponse.swift */,
			);
			path = Model;
			sourceTree = "<group>";
		};
		398968202C9C167D00800EA5 /* Service */ = {
			isa = PBXGroup;
			children = (
				398968212C9C16B200800EA5 /* DataBaseService.swift */,
				398968232C9C16F100800EA5 /* NetworkService.swift */,
			);
			path = Service;
			sourceTree = "<group>";
		};
		398968252C9C173E00800EA5 /* ViewControllers */ = {
			isa = PBXGroup;
			children = (
				398968262C9C176F00800EA5 /* CategoryTableViewCell.swift */,
				398968282C9C17BF00800EA5 /* JokeTableViewCell.swift */,
				3989682A2C9C183D00800EA5 /* JokeCategoriesVC.swift */,
				3989682C2C9C187300800EA5 /* JokeListVC.swift */,
				3989682E2C9C18BE00800EA5 /* LoadJokeVC.swift */,
			);
			path = ViewControllers;
			sourceTree = "<group>";
		};
		398968322C9C1D9D00800EA5 /* Frameworks */ = {
			isa = PBXGroup;
			children = (
			);
			name = Frameworks;
			sourceTree = "<group>";
		};
/* End PBXGroup section */

/* Begin PBXNativeTarget section */
		398967FE2C9C060200800EA5 /* REALMHomework22 */ = {
			isa = PBXNativeTarget;
			buildConfigurationList = 398968132C9C060300800EA5 /* Build configuration list for PBXNativeTarget "REALMHomework22" */;
			buildPhases = (
				398967FB2C9C060200800EA5 /* Sources */,
				398967FC2C9C060200800EA5 /* Frameworks */,
				398967FD2C9C060200800EA5 /* Resources */,
				398968362C9C1D9D00800EA5 /* Embed Frameworks */,
			);
			buildRules = (
			);
			dependencies = (
			);
			name = REALMHomework22;
			packageProductDependencies = (
				398968332C9C1D9D00800EA5 /* RealmSwift */,
				398968372C9C1E0300800EA5 /* Realm */,
			);
			productName = REALMHomework22;
			productReference = 398967FF2C9C060200800EA5 /* REALMHomework22.app */;
			productType = "com.apple.product-type.application";
		};
/* End PBXNativeTarget section */

/* Begin PBXProject section */
		398967F72C9C060200800EA5 /* Project object */ = {
			isa = PBXProject;
			attributes = {
				BuildIndependentTargetsInParallel = 1;
				LastSwiftUpdateCheck = 1430;
				LastUpgradeCheck = 1430;
				TargetAttributes = {
					398967FE2C9C060200800EA5 = {
						CreatedOnToolsVersion = 14.3;
					};
				};
			};
			buildConfigurationList = 398967FA2C9C060200800EA5 /* Build configuration list for PBXProject "REALMHomework22" */;
			compatibilityVersion = "Xcode 14.0";
			developmentRegion = en;
			hasScannedForEncodings = 0;
			knownRegions = (
				en,
				Base,
			);
			mainGroup = 398967F62C9C060200800EA5;
			packageReferences = (
				398968162C9C06C600800EA5 /* XCRemoteSwiftPackageReference "realm-swift" */,
			);
			productRefGroup = 398968002C9C060200800EA5 /* Products */;
			projectDirPath = "";
			projectRoot = "";
			targets = (
				398967FE2C9C060200800EA5 /* REALMHomework22 */,
			);
		};
/* End PBXProject section */

/* Begin PBXResourcesBuildPhase section */
		398967FD2C9C060200800EA5 /* Resources */ = {
			isa = PBXResourcesBuildPhase;
			buildActionMask = 2147483647;
			files = (
				3989680F2C9C060300800EA5 /* LaunchScreen.storyboard in Resources */,
				3989680C2C9C060300800EA5 /* Assets.xcassets in Resources */,
				3989680A2C9C060200800EA5 /* Main.storyboard in Resources */,
			);
			runOnlyForDeploymentPostprocessing = 0;
		};
/* End PBXResourcesBuildPhase section */

/* Begin PBXSourcesBuildPhase section */
		398967FB2C9C060200800EA5 /* Sources */ = {
			isa = PBXSourcesBuildPhase;
			buildActionMask = 2147483647;
			files = (
				398968072C9C060200800EA5 /* ViewController.swift in Sources */,
				398968312C9C196400800EA5 /* LaunchScreenVC.swift in Sources */,
				3989682F2C9C18BE00800EA5 /* LoadJokeVC.swift in Sources */,
				398968032C9C060200800EA5 /* AppDelegate.swift in Sources */,
				398968222C9C16B200800EA5 /* DataBaseService.swift in Sources */,
				3989681F2C9C164D00800EA5 /* JokeResponse.swift in Sources */,
				3989681D2C9C162200800EA5 /* Joke.swift in Sources */,
				398968052C9C060200800EA5 /* SceneDelegate.swift in Sources */,
				398968242C9C16F100800EA5 /* NetworkService.swift in Sources */,
				3989682B2C9C183D00800EA5 /* JokeCategoriesVC.swift in Sources */,
				3989682D2C9C187300800EA5 /* JokeListVC.swift in Sources */,
				398968272C9C176F00800EA5 /* CategoryTableViewCell.swift in Sources */,
				398968292C9C17BF00800EA5 /* JokeTableViewCell.swift in Sources */,
			);
			runOnlyForDeploymentPostprocessing = 0;
		};
/* End PBXSourcesBuildPhase section */

/* Begin PBXVariantGroup section */
		398968082C9C060200800EA5 /* Main.storyboard */ = {
			isa = PBXVariantGroup;
			children = (
				398968092C9C060200800EA5 /* Base */,
			);
			name = Main.storyboard;
			sourceTree = "<group>";
		};
		3989680D2C9C060300800EA5 /* LaunchScreen.storyboard */ = {
			isa = PBXVariantGroup;
			children = (
				3989680E2C9C060300800EA5 /* Base */,
			);
			name = LaunchScreen.storyboard;
			sourceTree = "<group>";
		};
/* End PBXVariantGroup section */

/* Begin XCBuildConfiguration section */
		398968112C9C060300800EA5 /* Debug */ = {
			isa = XCBuildConfiguration;
			buildSettings = {
				ALWAYS_SEARCH_USER_PATHS = NO;
				CLANG_ANALYZER_NONNULL = YES;
				CLANG_ANALYZER_NUMBER_OBJECT_CONVERSION = YES_AGGRESSIVE;
				CLANG_CXX_LANGUAGE_STANDARD = "gnu++20";
				CLANG_ENABLE_MODULES = YES;
				CLANG_ENABLE_OBJC_ARC = YES;
				CLANG_ENABLE_OBJC_WEAK = YES;
				CLANG_WARN_BLOCK_CAPTURE_AUTORELEASING = YES;
				CLANG_WARN_BOOL_CONVERSION = YES;
				CLANG_WARN_COMMA = YES;
				CLANG_WARN_CONSTANT_CONVERSION = YES;
				CLANG_WARN_DEPRECATED_OBJC_IMPLEMENTATIONS = YES;
				CLANG_WARN_DIRECT_OBJC_ISA_USAGE = YES_ERROR;
				CLANG_WARN_DOCUMENTATION_COMMENTS = YES;
				CLANG_WARN_EMPTY_BODY = YES;
				CLANG_WARN_ENUM_CONVERSION = YES;
				CLANG_WARN_INFINITE_RECURSION = YES;
				CLANG_WARN_INT_CONVERSION = YES;
				CLANG_WARN_NON_LITERAL_NULL_CONVERSION = YES;
				CLANG_WARN_OBJC_IMPLICIT_RETAIN_SELF = YES;
				CLANG_WARN_OBJC_LITERAL_CONVERSION = YES;
				CLANG_WARN_OBJC_ROOT_CLASS = YES_ERROR;
				CLANG_WARN_QUOTED_INCLUDE_IN_FRAMEWORK_HEADER = YES;
				CLANG_WARN_RANGE_LOOP_ANALYSIS = YES;
				CLANG_WARN_STRICT_PROTOTYPES = YES;
				CLANG_WARN_SUSPICIOUS_MOVE = YES;
				CLANG_WARN_UNGUARDED_AVAILABILITY = YES_AGGRESSIVE;
				CLANG_WARN_UNREACHABLE_CODE = YES;
				CLANG_WARN__DUPLICATE_METHOD_MATCH = YES;
				COPY_PHASE_STRIP = NO;
				DEBUG_INFORMATION_FORMAT = dwarf;
				ENABLE_STRICT_OBJC_MSGSEND = YES;
				ENABLE_TESTABILITY = YES;
				GCC_C_LANGUAGE_STANDARD = gnu11;
				GCC_DYNAMIC_NO_PIC = NO;
				GCC_NO_COMMON_BLOCKS = YES;
				GCC_OPTIMIZATION_LEVEL = 0;
				GCC_PREPROCESSOR_DEFINITIONS = (
					"DEBUG=1",
					"$(inherited)",
				);
				GCC_WARN_64_TO_32_BIT_CONVERSION = YES;
				GCC_WARN_ABOUT_RETURN_TYPE = YES_ERROR;
				GCC_WARN_UNDECLARED_SELECTOR = YES;
				GCC_WARN_UNINITIALIZED_AUTOS = YES_AGGRESSIVE;
				GCC_WARN_UNUSED_FUNCTION = YES;
				GCC_WARN_UNUSED_VARIABLE = YES;
				IPHONEOS_DEPLOYMENT_TARGET = 16.4;
				MTL_ENABLE_DEBUG_INFO = INCLUDE_SOURCE;
				MTL_FAST_MATH = YES;
				ONLY_ACTIVE_ARCH = YES;
				SDKROOT = iphoneos;
				SWIFT_ACTIVE_COMPILATION_CONDITIONS = DEBUG;
				SWIFT_OPTIMIZATION_LEVEL = "-Onone";
			};
			name = Debug;
		};
		398968122C9C060300800EA5 /* Release */ = {
			isa = XCBuildConfiguration;
			buildSettings = {
				ALWAYS_SEARCH_USER_PATHS = NO;
				CLANG_ANALYZER_NONNULL = YES;
				CLANG_ANALYZER_NUMBER_OBJECT_CONVERSION = YES_AGGRESSIVE;
				CLANG_CXX_LANGUAGE_STANDARD = "gnu++20";
				CLANG_ENABLE_MODULES = YES;
				CLANG_ENABLE_OBJC_ARC = YES;
				CLANG_ENABLE_OBJC_WEAK = YES;
				CLANG_WARN_BLOCK_CAPTURE_AUTORELEASING = YES;
				CLANG_WARN_BOOL_CONVERSION = YES;
				CLANG_WARN_COMMA = YES;
				CLANG_WARN_CONSTANT_CONVERSION = YES;
				CLANG_WARN_DEPRECATED_OBJC_IMPLEMENTATIONS = YES;
				CLANG_WARN_DIRECT_OBJC_ISA_USAGE = YES_ERROR;
				CLANG_WARN_DOCUMENTATION_COMMENTS = YES;
				CLANG_WARN_EMPTY_BODY = YES;
				CLANG_WARN_ENUM_CONVERSION = YES;
				CLANG_WARN_INFINITE_RECURSION = YES;
				CLANG_WARN_INT_CONVERSION = YES;
				CLANG_WARN_NON_LITERAL_NULL_CONVERSION = YES;
				CLANG_WARN_OBJC_IMPLICIT_RETAIN_SELF = YES;
				CLANG_WARN_OBJC_LITERAL_CONVERSION = YES;
				CLANG_WARN_OBJC_ROOT_CLASS = YES_ERROR;
				CLANG_WARN_QUOTED_INCLUDE_IN_FRAMEWORK_HEADER = YES;
				CLANG_WARN_RANGE_LOOP_ANALYSIS = YES;
				CLANG_WARN_STRICT_PROTOTYPES = YES;
				CLANG_WARN_SUSPICIOUS_MOVE = YES;
				CLANG_WARN_UNGUARDED_AVAILABILITY = YES_AGGRESSIVE;
				CLANG_WARN_UNREACHABLE_CODE = YES;
				CLANG_WARN__DUPLICATE_METHOD_MATCH = YES;
				COPY_PHASE_STRIP = NO;
				DEBUG_INFORMATION_FORMAT = "dwarf-with-dsym";
				ENABLE_NS_ASSERTIONS = NO;
				ENABLE_STRICT_OBJC_MSGSEND = YES;
				GCC_C_LANGUAGE_STANDARD = gnu11;
				GCC_NO_COMMON_BLOCKS = YES;
				GCC_WARN_64_TO_32_BIT_CONVERSION = YES;
				GCC_WARN_ABOUT_RETURN_TYPE = YES_ERROR;
				GCC_WARN_UNDECLARED_SELECTOR = YES;
				GCC_WARN_UNINITIALIZED_AUTOS = YES_AGGRESSIVE;
				GCC_WARN_UNUSED_FUNCTION = YES;
				GCC_WARN_UNUSED_VARIABLE = YES;
				IPHONEOS_DEPLOYMENT_TARGET = 16.4;
				MTL_ENABLE_DEBUG_INFO = NO;
				MTL_FAST_MATH = YES;
				SDKROOT = iphoneos;
				SWIFT_COMPILATION_MODE = wholemodule;
				SWIFT_OPTIMIZATION_LEVEL = "-O";
				VALIDATE_PRODUCT = YES;
			};
			name = Release;
		};
		398968142C9C060300800EA5 /* Debug */ = {
			isa = XCBuildConfiguration;
			buildSettings = {
				ASSETCATALOG_COMPILER_APPICON_NAME = AppIcon;
				ASSETCATALOG_COMPILER_GLOBAL_ACCENT_COLOR_NAME = AccentColor;
				CODE_SIGN_STYLE = Automatic;
				CURRENT_PROJECT_VERSION = 1;
				GENERATE_INFOPLIST_FILE = YES;
				INFOPLIST_FILE = REALMHomework22/Info.plist;
				INFOPLIST_KEY_UIApplicationSupportsIndirectInputEvents = YES;
				INFOPLIST_KEY_UILaunchStoryboardName = LaunchScreen;
				INFOPLIST_KEY_UIMainStoryboardFile = Main;
				INFOPLIST_KEY_UISupportedInterfaceOrientations_iPad = "UIInterfaceOrientationPortrait UIInterfaceOrientationPortraitUpsideDown UIInterfaceOrientationLandscapeLeft UIInterfaceOrientationLandscapeRight";
				INFOPLIST_KEY_UISupportedInterfaceOrientations_iPhone = "UIInterfaceOrientationPortrait UIInterfaceOrientationLandscapeLeft UIInterfaceOrientationLandscapeRight";
				LD_RUNPATH_SEARCH_PATHS = (
					"$(inherited)",
					"@executable_path/Frameworks",
				);
				MARKETING_VERSION = 1.0;
				PRODUCT_BUNDLE_IDENTIFIER = "Part-1-basics..REALMHomework22";
				PRODUCT_NAME = "$(TARGET_NAME)";
				SWIFT_EMIT_LOC_STRINGS = YES;
				SWIFT_VERSION = 5.0;
				TARGETED_DEVICE_FAMILY = "1,2";
			};
			name = Debug;
		};
		398968152C9C060300800EA5 /* Release */ = {
			isa = XCBuildConfiguration;
			buildSettings = {
				ASSETCATALOG_COMPILER_APPICON_NAME = AppIcon;
				ASSETCATALOG_COMPILER_GLOBAL_ACCENT_COLOR_NAME = AccentColor;
				CODE_SIGN_STYLE = Automatic;
				CURRENT_PROJECT_VERSION = 1;
				GENERATE_INFOPLIST_FILE = YES;
				INFOPLIST_FILE = REALMHomework22/Info.plist;
				INFOPLIST_KEY_UIApplicationSupportsIndirectInputEvents = YES;
				INFOPLIST_KEY_UILaunchStoryboardName = LaunchScreen;
				INFOPLIST_KEY_UIMainStoryboardFile = Main;
				INFOPLIST_KEY_UISupportedInterfaceOrientations_iPad = "UIInterfaceOrientationPortrait UIInterfaceOrientationPortraitUpsideDown UIInterfaceOrientationLandscapeLeft UIInterfaceOrientationLandscapeRight";
				INFOPLIST_KEY_UISupportedInterfaceOrientations_iPhone = "UIInterfaceOrientationPortrait UIInterfaceOrientationLandscapeLeft UIInterfaceOrientationLandscapeRight";
				LD_RUNPATH_SEARCH_PATHS = (
					"$(inherited)",
					"@executable_path/Frameworks",
				);
				MARKETING_VERSION = 1.0;
				PRODUCT_BUNDLE_IDENTIFIER = "Part-1-basics..REALMHomework22";
				PRODUCT_NAME = "$(TARGET_NAME)";
				SWIFT_EMIT_LOC_STRINGS = YES;
				SWIFT_VERSION = 5.0;
				TARGETED_DEVICE_FAMILY = "1,2";
			};
			name = Release;
		};
/* End XCBuildConfiguration section */

/* Begin XCConfigurationList section */
		398967FA2C9C060200800EA5 /* Build configuration list for PBXProject "REALMHomework22" */ = {
			isa = XCConfigurationList;
			buildConfigurations = (
				398968112C9C060300800EA5 /* Debug */,
				398968122C9C060300800EA5 /* Release */,
			);
			defaultConfigurationIsVisible = 0;
			defaultConfigurationName = Release;
		};
		398968132C9C060300800EA5 /* Build configuration list for PBXNativeTarget "REALMHomework22" */ = {
			isa = XCConfigurationList;
			buildConfigurations = (
				398968142C9C060300800EA5 /* Debug */,
				398968152C9C060300800EA5 /* Release */,
			);
			defaultConfigurationIsVisible = 0;
			defaultConfigurationName = Release;
		};
/* End XCConfigurationList section */

/* Begin XCRemoteSwiftPackageReference section */
		398968162C9C06C600800EA5 /* XCRemoteSwiftPackageReference "realm-swift" */ = {
			isa = XCRemoteSwiftPackageReference;
			repositoryURL = "https://github.com/realm/realm-swift.git";
			requirement = {
				kind = upToNextMajorVersion;
				minimumVersion = 10.0.0;
			};
		};
/* End XCRemoteSwiftPackageReference section */

/* Begin XCSwiftPackageProductDependency section */
		398968332C9C1D9D00800EA5 /* RealmSwift */ = {
			isa = XCSwiftPackageProductDependency;
			package = 398968162C9C06C600800EA5 /* XCRemoteSwiftPackageReference "realm-swift" */;
			productName = RealmSwift;
		};
		398968372C9C1E0300800EA5 /* Realm */ = {
			isa = XCSwiftPackageProductDependency;
			package = 398968162C9C06C600800EA5 /* XCRemoteSwiftPackageReference "realm-swift" */;
			productName = Realm;
		};
/* End XCSwiftPackageProductDependency section */
	};
	rootObject = 398967F72C9C060200800EA5 /* Project object */;
}
